PODS:
  - Alamofire (4.5.0)
  - Eureka (3.1.0)
  - FlexiblePageControl (1.0.5)
  - FloatRatingView (2.0)
  - Koloda (4.1):
    - pop (~> 1.0)
  - KRActivityIndicatorView (2.0.2)
  - KRProgressHUD (3.0.0):
    - KRActivityIndicatorView (~> 2.0.2)
  - paper-onboarding (2.2)
  - pop (1.0.10)
  - PopupDialog (0.5.4)
  - Realm (2.10.0):
    - Realm/Headers (= 2.10.0)
  - Realm/Headers (2.10.0)
  - RealmSwift (2.10.0):
    - Realm (= 2.10.0)
  - SDWebImage (4.1.0):
    - SDWebImage/Core (= 4.1.0)
  - SDWebImage/Core (4.1.0)
  - StatusProvider (1.2.4)
  - SwiftyJSON (3.1.4)
  - TabPageViewController (0.2.7)
  - TZSegmentedControl (0.2.3)
  - ZKCarousel (0.1.0)

DEPENDENCIES:
  - Alamofire
  - Eureka
  - FlexiblePageControl
  - FloatRatingView
  - Koloda
  - KRProgressHUD
  - paper-onboarding
  - PopupDialog
  - RealmSwift
  - SDWebImage
  - StatusProvider
  - SwiftyJSON
  - TabPageViewController
  - TZSegmentedControl
  - ZKCarousel

SPEC CHECKSUMS:
  Alamofire: f28cdffd29de33a7bfa022cbd63ae95a27fae140
  Eureka: d6725c38d0dcdceaa331d1468f75e76315715ae0
  FlexiblePageControl: 70caa5dad6603a7b361b154fa8b75295a8c44f9b
  FloatRatingView: 857ab8f10040d06a42fc979f486c8f9fecd2f2e5
  Koloda: 6c4fa3ce9a68776a8ef973311e53fdda432799a8
  KRActivityIndicatorView: 2a9d5442ba8da6274db3afdf46aeaef7cf6dd8ad
  KRProgressHUD: 14f9fad06080bdb1e59569104a8eda654c83e813
  paper-onboarding: 7fcb8f2737edb32bd345d6e890578fff1a073fef
  pop: 82ca6b068ce9278fd350fd9dd09482a0ce9492e6
  PopupDialog: 75cf955693590b0cb2fdde00223fb65d99c57247
  Realm: 98b3a25643cf6b3e07d2b99fb43fe0eb9c801dec
  RealmSwift: 34073ad3a31232bbaf7c0db898c037940284cba2
  SDWebImage: 0e435c14e402a6730315a0fb79f95e68654d55a4
  StatusProvider: ba18d6d93c1d2bafec88dc17d8e2fe07df6cfbe8
  SwiftyJSON: c2842d878f95482ffceec5709abc3d05680c0220
  TabPageViewController: c37a1257a50c2b50712dde61bf499768eee95b67
  TZSegmentedControl: c71a023749aedb5e7ec9a991f5ff167650dfc80f
  ZKCarousel: 36143c4667c89c70c89ccda9e1e01af2fcbb5a9e

PODFILE CHECKSUM: eb8c2bbffc209b6c08d8a456ace8e1e51227e25e

COCOAPODS: 1.2.1
